
Microsoft Visual Studio Solution File, Format Version 12.00
# Visual Studio Version 17
VisualStudioVersion = 17.1.32421.90
MinimumVisualStudioVersion = 10.0.40219.1
Project("{FAE04EC0-301F-11D3-BF4B-00C04F79EFBC}") = "Traking Student Grades in Maths", "Traking Student Grades in Maths\Traking Student Grades in Maths.csproj", "{BEFC261D-498A-4B27-9670-12ECB199DE5B}"
EndProject
Global
	GlobalSection(SolutionConfigurationPlatforms) = preSolution
		Debug|Any CPU = Debug|Any CPU
		Release|Any CPU = Release|Any CPU
	EndGlobalSection
	GlobalSection(ProjectConfigurationPlatforms) = postSolution
		{BEFC261D-498A-4B27-9670-12ECB199DE5B}.Debug|Any CPU.ActiveCfg = Debug|Any CPU
		{BEFC261D-498A-4B27-9670-12ECB199DE5B}.Debug|Any CPU.Build.0 = Debug|Any CPU
		{BEFC261D-498A-4B27-9670-12ECB199DE5B}.Release|Any CPU.ActiveCfg = Release|Any CPU
		{BEFC261D-498A-4B27-9670-12ECB199DE5B}.Release|Any CPU.Build.0 = Release|Any CPU
	EndGlobalSection
	GlobalSection(SolutionProperties) = preSolution
		HideSolutionNode = FALSE
	EndGlobalSection
	GlobalSection(ExtensibilityGlobals) = postSolution
		SolutionGuid = {5BF8EE71-0086-45AF-944D-306FADB8332C}
	EndGlobalSection
EndGlobal
